
Microsoft Visual Studio Solution File, Format Version 12.00
# Visual Studio 14
VisualStudioVersion = 14.0.25420.1
MinimumVisualStudioVersion = 10.0.40219.1
Project("{8BC9CEB8-8B4A-11D0-8D11-00A0C91BC942}") = "引用", "引用\引用.vcxproj", "{9F04DBC2-2FD8-49AB-AD83-73DF3E17BBB7}"
EndProject
Project("{8BC9CEB8-8B4A-11D0-8D11-00A0C91BC942}") = "数据类型", "字符串\字符串.vcxproj", "{F3D27E6B-3B98-441F-87C5-7EEA07DD7568}"
EndProject
Project("{8BC9CEB8-8B4A-11D0-8D11-00A0C91BC942}") = "表达式", "表达式\表达式.vcxproj", "{A40C81FE-2E0F-4221-B282-1AE46FD8677D}"
EndProject
Project("{8BC9CEB8-8B4A-11D0-8D11-00A0C91BC942}") = "CString", "CString\CString.vcxproj", "{2806E347-DD05-4165-83BD-CE65E60A0A70}"
EndProject
Project("{8BC9CEB8-8B4A-11D0-8D11-00A0C91BC942}") = "HttpDemo", "HttpDemo\HttpDemo.vcxproj", "{B69B17FA-3483-4C86-8943-479562539BFB}"
EndProject
Project("{8BC9CEB8-8B4A-11D0-8D11-00A0C91BC942}") = "字符集转化", "字符集转化\字符集转化.vcxproj", "{AAC5FA5A-F984-4F40-BD5A-4FBE5451E1FF}"
EndProject
Project("{8BC9CEB8-8B4A-11D0-8D11-00A0C91BC942}") = "关键字", "结构体\结构体.vcxproj", "{F0032BDC-E85D-4378-922E-806D8180DDDA}"
EndProject
Project("{8BC9CEB8-8B4A-11D0-8D11-00A0C91BC942}") = "字节序", "字节序\字节序.vcxproj", "{ADD81742-A476-4E72-9B57-0475355033DB}"
EndProject
Project("{8BC9CEB8-8B4A-11D0-8D11-00A0C91BC942}") = "C语言的内置宏", "C语言的内置宏\C语言的内置宏.vcxproj", "{DF06E4E1-02FA-4907-9D2A-926B26BFCA13}"
EndProject
Project("{8BC9CEB8-8B4A-11D0-8D11-00A0C91BC942}") = "调度器", "调度器\调度器.vcxproj", "{0ACF6BDF-6294-4B0A-B3E4-33A0FCDDF196}"
EndProject
Project("{8BC9CEB8-8B4A-11D0-8D11-00A0C91BC942}") = "自定义进度条", "自定义进度条\自定义进度条.vcxproj", "{B4166DF8-EAD4-4ABA-B594-9502B6652F93}"
EndProject
Project("{8BC9CEB8-8B4A-11D0-8D11-00A0C91BC942}") = "HelloWin", "HelloWin\HelloWin.vcxproj", "{18C9110D-5A78-4988-97AF-BBEAAF4FFA18}"
EndProject
Project("{8BC9CEB8-8B4A-11D0-8D11-00A0C91BC942}") = "头文件", "头文件\头文件.vcxproj", "{5EF2C69B-A5FA-4F92-AF91-A4A8E7C1A626}"
EndProject
Project("{8BC9CEB8-8B4A-11D0-8D11-00A0C91BC942}") = "补码和反码", "补码和反码\补码和反码.vcxproj", "{2CFD247B-6EF6-447F-BB2E-348BF92C9A01}"
EndProject
Project("{8BC9CEB8-8B4A-11D0-8D11-00A0C91BC942}") = "算法", "算法\算法.vcxproj", "{D6681F46-4759-4318-AF6D-A9F1466CE3B6}"
EndProject
Project("{8BC9CEB8-8B4A-11D0-8D11-00A0C91BC942}") = "C标准库", "C标准库\C标准库.vcxproj", "{CD4CAA3B-31EC-4576-9D62-2E404C6780B1}"
EndProject
Global
	GlobalSection(SolutionConfigurationPlatforms) = preSolution
		Debug|x64 = Debug|x64
		Debug|x86 = Debug|x86
		Release|x64 = Release|x64
		Release|x86 = Release|x86
	EndGlobalSection
	GlobalSection(ProjectConfigurationPlatforms) = postSolution
		{9F04DBC2-2FD8-49AB-AD83-73DF3E17BBB7}.Debug|x64.ActiveCfg = Debug|x64
		{9F04DBC2-2FD8-49AB-AD83-73DF3E17BBB7}.Debug|x64.Build.0 = Debug|x64
		{9F04DBC2-2FD8-49AB-AD83-73DF3E17BBB7}.Debug|x86.ActiveCfg = Debug|Win32
		{9F04DBC2-2FD8-49AB-AD83-73DF3E17BBB7}.Debug|x86.Build.0 = Debug|Win32
		{9F04DBC2-2FD8-49AB-AD83-73DF3E17BBB7}.Release|x64.ActiveCfg = Release|x64
		{9F04DBC2-2FD8-49AB-AD83-73DF3E17BBB7}.Release|x64.Build.0 = Release|x64
		{9F04DBC2-2FD8-49AB-AD83-73DF3E17BBB7}.Release|x86.ActiveCfg = Release|Win32
		{9F04DBC2-2FD8-49AB-AD83-73DF3E17BBB7}.Release|x86.Build.0 = Release|Win32
		{F3D27E6B-3B98-441F-87C5-7EEA07DD7568}.Debug|x64.ActiveCfg = Debug|x64
		{F3D27E6B-3B98-441F-87C5-7EEA07DD7568}.Debug|x64.Build.0 = Debug|x64
		{F3D27E6B-3B98-441F-87C5-7EEA07DD7568}.Debug|x86.ActiveCfg = Debug|Win32
		{F3D27E6B-3B98-441F-87C5-7EEA07DD7568}.Debug|x86.Build.0 = Debug|Win32
		{F3D27E6B-3B98-441F-87C5-7EEA07DD7568}.Release|x64.ActiveCfg = Release|x64
		{F3D27E6B-3B98-441F-87C5-7EEA07DD7568}.Release|x64.Build.0 = Release|x64
		{F3D27E6B-3B98-441F-87C5-7EEA07DD7568}.Release|x86.ActiveCfg = Release|Win32
		{F3D27E6B-3B98-441F-87C5-7EEA07DD7568}.Release|x86.Build.0 = Release|Win32
		{A40C81FE-2E0F-4221-B282-1AE46FD8677D}.Debug|x64.ActiveCfg = Debug|x64
		{A40C81FE-2E0F-4221-B282-1AE46FD8677D}.Debug|x64.Build.0 = Debug|x64
		{A40C81FE-2E0F-4221-B282-1AE46FD8677D}.Debug|x86.ActiveCfg = Debug|Win32
		{A40C81FE-2E0F-4221-B282-1AE46FD8677D}.Debug|x86.Build.0 = Debug|Win32
		{A40C81FE-2E0F-4221-B282-1AE46FD8677D}.Release|x64.ActiveCfg = Release|x64
		{A40C81FE-2E0F-4221-B282-1AE46FD8677D}.Release|x64.Build.0 = Release|x64
		{A40C81FE-2E0F-4221-B282-1AE46FD8677D}.Release|x86.ActiveCfg = Release|Win32
		{A40C81FE-2E0F-4221-B282-1AE46FD8677D}.Release|x86.Build.0 = Release|Win32
		{2806E347-DD05-4165-83BD-CE65E60A0A70}.Debug|x64.ActiveCfg = Debug|x64
		{2806E347-DD05-4165-83BD-CE65E60A0A70}.Debug|x64.Build.0 = Debug|x64
		{2806E347-DD05-4165-83BD-CE65E60A0A70}.Debug|x86.ActiveCfg = Debug|Win32
		{2806E347-DD05-4165-83BD-CE65E60A0A70}.Debug|x86.Build.0 = Debug|Win32
		{2806E347-DD05-4165-83BD-CE65E60A0A70}.Release|x64.ActiveCfg = Release|x64
		{2806E347-DD05-4165-83BD-CE65E60A0A70}.Release|x64.Build.0 = Release|x64
		{2806E347-DD05-4165-83BD-CE65E60A0A70}.Release|x86.ActiveCfg = Release|Win32
		{2806E347-DD05-4165-83BD-CE65E60A0A70}.Release|x86.Build.0 = Release|Win32
		{B69B17FA-3483-4C86-8943-479562539BFB}.Debug|x64.ActiveCfg = Debug|x64
		{B69B17FA-3483-4C86-8943-479562539BFB}.Debug|x64.Build.0 = Debug|x64
		{B69B17FA-3483-4C86-8943-479562539BFB}.Debug|x86.ActiveCfg = Debug|Win32
		{B69B17FA-3483-4C86-8943-479562539BFB}.Debug|x86.Build.0 = Debug|Win32
		{B69B17FA-3483-4C86-8943-479562539BFB}.Release|x64.ActiveCfg = Release|x64
		{B69B17FA-3483-4C86-8943-479562539BFB}.Release|x64.Build.0 = Release|x64
		{B69B17FA-3483-4C86-8943-479562539BFB}.Release|x86.ActiveCfg = Release|Win32
		{B69B17FA-3483-4C86-8943-479562539BFB}.Release|x86.Build.0 = Release|Win32
		{AAC5FA5A-F984-4F40-BD5A-4FBE5451E1FF}.Debug|x64.ActiveCfg = Debug|x64
		{AAC5FA5A-F984-4F40-BD5A-4FBE5451E1FF}.Debug|x64.Build.0 = Debug|x64
		{AAC5FA5A-F984-4F40-BD5A-4FBE5451E1FF}.Debug|x86.ActiveCfg = Debug|Win32
		{AAC5FA5A-F984-4F40-BD5A-4FBE5451E1FF}.Debug|x86.Build.0 = Debug|Win32
		{AAC5FA5A-F984-4F40-BD5A-4FBE5451E1FF}.Release|x64.ActiveCfg = Release|x64
		{AAC5FA5A-F984-4F40-BD5A-4FBE5451E1FF}.Release|x64.Build.0 = Release|x64
		{AAC5FA5A-F984-4F40-BD5A-4FBE5451E1FF}.Release|x86.ActiveCfg = Release|Win32
		{AAC5FA5A-F984-4F40-BD5A-4FBE5451E1FF}.Release|x86.Build.0 = Release|Win32
		{F0032BDC-E85D-4378-922E-806D8180DDDA}.Debug|x64.ActiveCfg = Debug|x64
		{F0032BDC-E85D-4378-922E-806D8180DDDA}.Debug|x64.Build.0 = Debug|x64
		{F0032BDC-E85D-4378-922E-806D8180DDDA}.Debug|x86.ActiveCfg = Debug|Win32
		{F0032BDC-E85D-4378-922E-806D8180DDDA}.Debug|x86.Build.0 = Debug|Win32
		{F0032BDC-E85D-4378-922E-806D8180DDDA}.Release|x64.ActiveCfg = Release|x64
		{F0032BDC-E85D-4378-922E-806D8180DDDA}.Release|x64.Build.0 = Release|x64
		{F0032BDC-E85D-4378-922E-806D8180DDDA}.Release|x86.ActiveCfg = Release|Win32
		{F0032BDC-E85D-4378-922E-806D8180DDDA}.Release|x86.Build.0 = Release|Win32
		{ADD81742-A476-4E72-9B57-0475355033DB}.Debug|x64.ActiveCfg = Debug|x64
		{ADD81742-A476-4E72-9B57-0475355033DB}.Debug|x64.Build.0 = Debug|x64
		{ADD81742-A476-4E72-9B57-0475355033DB}.Debug|x86.ActiveCfg = Debug|Win32
		{ADD81742-A476-4E72-9B57-0475355033DB}.Debug|x86.Build.0 = Debug|Win32
		{ADD81742-A476-4E72-9B57-0475355033DB}.Release|x64.ActiveCfg = Release|x64
		{ADD81742-A476-4E72-9B57-0475355033DB}.Release|x64.Build.0 = Release|x64
		{ADD81742-A476-4E72-9B57-0475355033DB}.Release|x86.ActiveCfg = Release|Win32
		{ADD81742-A476-4E72-9B57-0475355033DB}.Release|x86.Build.0 = Release|Win32
		{DF06E4E1-02FA-4907-9D2A-926B26BFCA13}.Debug|x64.ActiveCfg = Debug|x64
		{DF06E4E1-02FA-4907-9D2A-926B26BFCA13}.Debug|x64.Build.0 = Debug|x64
		{DF06E4E1-02FA-4907-9D2A-926B26BFCA13}.Debug|x86.ActiveCfg = Debug|Win32
		{DF06E4E1-02FA-4907-9D2A-926B26BFCA13}.Debug|x86.Build.0 = Debug|Win32
		{DF06E4E1-02FA-4907-9D2A-926B26BFCA13}.Release|x64.ActiveCfg = Release|x64
		{DF06E4E1-02FA-4907-9D2A-926B26BFCA13}.Release|x64.Build.0 = Release|x64
		{DF06E4E1-02FA-4907-9D2A-926B26BFCA13}.Release|x86.ActiveCfg = Release|Win32
		{DF06E4E1-02FA-4907-9D2A-926B26BFCA13}.Release|x86.Build.0 = Release|Win32
		{0ACF6BDF-6294-4B0A-B3E4-33A0FCDDF196}.Debug|x64.ActiveCfg = Debug|x64
		{0ACF6BDF-6294-4B0A-B3E4-33A0FCDDF196}.Debug|x64.Build.0 = Debug|x64
		{0ACF6BDF-6294-4B0A-B3E4-33A0FCDDF196}.Debug|x86.ActiveCfg = Debug|Win32
		{0ACF6BDF-6294-4B0A-B3E4-33A0FCDDF196}.Debug|x86.Build.0 = Debug|Win32
		{0ACF6BDF-6294-4B0A-B3E4-33A0FCDDF196}.Release|x64.ActiveCfg = Release|x64
		{0ACF6BDF-6294-4B0A-B3E4-33A0FCDDF196}.Release|x64.Build.0 = Release|x64
		{0ACF6BDF-6294-4B0A-B3E4-33A0FCDDF196}.Release|x86.ActiveCfg = Release|Win32
		{0ACF6BDF-6294-4B0A-B3E4-33A0FCDDF196}.Release|x86.Build.0 = Release|Win32
		{B4166DF8-EAD4-4ABA-B594-9502B6652F93}.Debug|x64.ActiveCfg = Debug|x64
		{B4166DF8-EAD4-4ABA-B594-9502B6652F93}.Debug|x64.Build.0 = Debug|x64
		{B4166DF8-EAD4-4ABA-B594-9502B6652F93}.Debug|x86.ActiveCfg = Debug|Win32
		{B4166DF8-EAD4-4ABA-B594-9502B6652F93}.Debug|x86.Build.0 = Debug|Win32
		{B4166DF8-EAD4-4ABA-B594-9502B6652F93}.Release|x64.ActiveCfg = Release|x64
		{B4166DF8-EAD4-4ABA-B594-9502B6652F93}.Release|x64.Build.0 = Release|x64
		{B4166DF8-EAD4-4ABA-B594-9502B6652F93}.Release|x86.ActiveCfg = Release|Win32
		{B4166DF8-EAD4-4ABA-B594-9502B6652F93}.Release|x86.Build.0 = Release|Win32
		{18C9110D-5A78-4988-97AF-BBEAAF4FFA18}.Debug|x64.ActiveCfg = Debug|x64
		{18C9110D-5A78-4988-97AF-BBEAAF4FFA18}.Debug|x64.Build.0 = Debug|x64
		{18C9110D-5A78-4988-97AF-BBEAAF4FFA18}.Debug|x86.ActiveCfg = Debug|Win32
		{18C9110D-5A78-4988-97AF-BBEAAF4FFA18}.Debug|x86.Build.0 = Debug|Win32
		{18C9110D-5A78-4988-97AF-BBEAAF4FFA18}.Release|x64.ActiveCfg = Release|x64
		{18C9110D-5A78-4988-97AF-BBEAAF4FFA18}.Release|x64.Build.0 = Release|x64
		{18C9110D-5A78-4988-97AF-BBEAAF4FFA18}.Release|x86.ActiveCfg = Release|Win32
		{18C9110D-5A78-4988-97AF-BBEAAF4FFA18}.Release|x86.Build.0 = Release|Win32
		{5EF2C69B-A5FA-4F92-AF91-A4A8E7C1A626}.Debug|x64.ActiveCfg = Debug|x64
		{5EF2C69B-A5FA-4F92-AF91-A4A8E7C1A626}.Debug|x64.Build.0 = Debug|x64
		{5EF2C69B-A5FA-4F92-AF91-A4A8E7C1A626}.Debug|x86.ActiveCfg = Debug|Win32
		{5EF2C69B-A5FA-4F92-AF91-A4A8E7C1A626}.Debug|x86.Build.0 = Debug|Win32
		{5EF2C69B-A5FA-4F92-AF91-A4A8E7C1A626}.Release|x64.ActiveCfg = Release|x64
		{5EF2C69B-A5FA-4F92-AF91-A4A8E7C1A626}.Release|x64.Build.0 = Release|x64
		{5EF2C69B-A5FA-4F92-AF91-A4A8E7C1A626}.Release|x86.ActiveCfg = Release|Win32
		{5EF2C69B-A5FA-4F92-AF91-A4A8E7C1A626}.Release|x86.Build.0 = Release|Win32
		{2CFD247B-6EF6-447F-BB2E-348BF92C9A01}.Debug|x64.ActiveCfg = Debug|x64
		{2CFD247B-6EF6-447F-BB2E-348BF92C9A01}.Debug|x64.Build.0 = Debug|x64
		{2CFD247B-6EF6-447F-BB2E-348BF92C9A01}.Debug|x86.ActiveCfg = Debug|Win32
		{2CFD247B-6EF6-447F-BB2E-348BF92C9A01}.Debug|x86.Build.0 = Debug|Win32
		{2CFD247B-6EF6-447F-BB2E-348BF92C9A01}.Release|x64.ActiveCfg = Release|x64
		{2CFD247B-6EF6-447F-BB2E-348BF92C9A01}.Release|x64.Build.0 = Release|x64
		{2CFD247B-6EF6-447F-BB2E-348BF92C9A01}.Release|x86.ActiveCfg = Release|Win32
		{2CFD247B-6EF6-447F-BB2E-348BF92C9A01}.Release|x86.Build.0 = Release|Win32
		{D6681F46-4759-4318-AF6D-A9F1466CE3B6}.Debug|x64.ActiveCfg = Debug|x64
		{D6681F46-4759-4318-AF6D-A9F1466CE3B6}.Debug|x64.Build.0 = Debug|x64
		{D6681F46-4759-4318-AF6D-A9F1466CE3B6}.Debug|x86.ActiveCfg = Debug|Win32
		{D6681F46-4759-4318-AF6D-A9F1466CE3B6}.Debug|x86.Build.0 = Debug|Win32
		{D6681F46-4759-4318-AF6D-A9F1466CE3B6}.Release|x64.ActiveCfg = Release|x64
		{D6681F46-4759-4318-AF6D-A9F1466CE3B6}.Release|x64.Build.0 = Release|x64
		{D6681F46-4759-4318-AF6D-A9F1466CE3B6}.Release|x86.ActiveCfg = Release|Win32
		{D6681F46-4759-4318-AF6D-A9F1466CE3B6}.Release|x86.Build.0 = Release|Win32
		{CD4CAA3B-31EC-4576-9D62-2E404C6780B1}.Debug|x64.ActiveCfg = Debug|x64
		{CD4CAA3B-31EC-4576-9D62-2E404C6780B1}.Debug|x64.Build.0 = Debug|x64
		{CD4CAA3B-31EC-4576-9D62-2E404C6780B1}.Debug|x86.ActiveCfg = Debug|Win32
		{CD4CAA3B-31EC-4576-9D62-2E404C6780B1}.Debug|x86.Build.0 = Debug|Win32
		{CD4CAA3B-31EC-4576-9D62-2E404C6780B1}.Release|x64.ActiveCfg = Release|x64
		{CD4CAA3B-31EC-4576-9D62-2E404C6780B1}.Release|x64.Build.0 = Release|x64
		{CD4CAA3B-31EC-4576-9D62-2E404C6780B1}.Release|x86.ActiveCfg = Release|Win32
		{CD4CAA3B-31EC-4576-9D62-2E404C6780B1}.Release|x86.Build.0 = Release|Win32
	EndGlobalSection
	GlobalSection(SolutionProperties) = preSolution
		HideSolutionNode = FALSE
	EndGlobalSection
EndGlobal
